
Microsoft Visual Studio Solution File, Format Version 12.00
# Visual Studio Version 17
VisualStudioVersion = 17.3.32811.315
MinimumVisualStudioVersion = 10.0.40219.1
Project("{9A19103F-16F7-4668-BE54-9A1E7A4F7556}") = "Linq2dbPrimaryKeyDateTimeOffset.Test", "Linq2dbPrimaryKeyDateTimeOffset.Test\Linq2dbPrimaryKeyDateTimeOffset.Test.csproj", "{13E727E0-FE6B-4CA7-B1DA-D0EE89A64AC6}"
EndProject
Project("{FAE04EC0-301F-11D3-BF4B-00C04F79EFBC}") = "Linq2dbPrimaryKeyDateTimeOffset_V4.Text", "Linq2dbPrimaryKeyDateTimeOffset_V4.Text\Linq2dbPrimaryKeyDateTimeOffset_V4.Text.csproj", "{AD419349-E0E9-4909-B48D-BF2015053AB2}"
EndProject
Global
	GlobalSection(SolutionConfigurationPlatforms) = preSolution
		Debug|Any CPU = Debug|Any CPU
		Release|Any CPU = Release|Any CPU
	EndGlobalSection
	GlobalSection(ProjectConfigurationPlatforms) = postSolution
		{13E727E0-FE6B-4CA7-B1DA-D0EE89A64AC6}.Debug|Any CPU.ActiveCfg = Debug|Any CPU
		{13E727E0-FE6B-4CA7-B1DA-D0EE89A64AC6}.Debug|Any CPU.Build.0 = Debug|Any CPU
		{13E727E0-FE6B-4CA7-B1DA-D0EE89A64AC6}.Release|Any CPU.ActiveCfg = Release|Any CPU
		{13E727E0-FE6B-4CA7-B1DA-D0EE89A64AC6}.Release|Any CPU.Build.0 = Release|Any CPU
		{AD419349-E0E9-4909-B48D-BF2015053AB2}.Debug|Any CPU.ActiveCfg = Debug|Any CPU
		{AD419349-E0E9-4909-B48D-BF2015053AB2}.Debug|Any CPU.Build.0 = Debug|Any CPU
		{AD419349-E0E9-4909-B48D-BF2015053AB2}.Release|Any CPU.ActiveCfg = Release|Any CPU
		{AD419349-E0E9-4909-B48D-BF2015053AB2}.Release|Any CPU.Build.0 = Release|Any CPU
	EndGlobalSection
	GlobalSection(SolutionProperties) = preSolution
		HideSolutionNode = FALSE
	EndGlobalSection
	GlobalSection(ExtensibilityGlobals) = postSolution
		SolutionGuid = {F89138AC-A7A2-414F-8B80-CA0035860675}
	EndGlobalSection
EndGlobal
